
Microsoft Visual Studio Solution File, Format Version 12.00
# Visual Studio Version 17
VisualStudioVersion = 17.9.34607.119
MinimumVisualStudioVersion = 10.0.40219.1
Project("{8BC9CEB8-8B4A-11D0-8D11-00A0C91BC942}") = "1. WindowCreation", "1. WindowCreation\1. WindowCreation.vcxproj", "{19A4B4B7-62AD-4161-BEC1-F6AE9339F5A4}"
EndProject
Project("{8BC9CEB8-8B4A-11D0-8D11-00A0C91BC942}") = "2. TriangleRender", "2. TriangleRender\2. TriangleRender.vcxproj", "{2D2AFD3D-FBFC-4168-BEA6-2E0C58413006}"
EndProject
Project("{8BC9CEB8-8B4A-11D0-8D11-00A0C91BC942}") = "3. StarRender", "3. StarRender\3. StarRender.vcxproj", "{DE8B18D8-E2E5-4E6B-8CC1-BC070757B1B0}"
EndProject
Project("{8BC9CEB8-8B4A-11D0-8D11-00A0C91BC942}") = "4. SquareRender", "4. SquareRender\4. SquareRender.vcxproj", "{800CA354-FA48-41C3-8A10-52CB32EBF782}"
EndProject
Project("{8BC9CEB8-8B4A-11D0-8D11-00A0C91BC942}") = "5. StarRenderWithEBO", "5. StarRenderWithEBO\5. StarRenderWithEBO.vcxproj", "{CF354A29-F9B1-48EE-9044-1C87E2D6E2E6}"
EndProject
Project("{8BC9CEB8-8B4A-11D0-8D11-00A0C91BC942}") = "6. CircleRender", "6. CircleRender\6. CircleRender.vcxproj", "{CBBAAD53-031C-4402-B2B3-E90484613F97}"
EndProject
Project("{8BC9CEB8-8B4A-11D0-8D11-00A0C91BC942}") = "2.1. TwoTrianglesFromOneVAO", "2.1. TwoTrianglesFromOneVAO\2.1. TwoTrianglesFromOneVAO.vcxproj", "{B3E3D5DD-754F-4B7B-B20F-108F7C00098D}"
EndProject
Project("{8BC9CEB8-8B4A-11D0-8D11-00A0C91BC942}") = "7. PolygonRender", "7. PolygonRender\7. PolygonRender.vcxproj", "{EFDEC071-9045-4B55-BC84-471D6D0D8BE5}"
EndProject
Project("{8BC9CEB8-8B4A-11D0-8D11-00A0C91BC942}") = "8. SpiralRender", "8. SpiralRender\8. SpiralRender.vcxproj", "{87781CEB-BE24-48A3-8A3F-F3D768078B57}"
EndProject
Project("{8BC9CEB8-8B4A-11D0-8D11-00A0C91BC942}") = "9. 3DCube(PerspectiveCamera)", "9. 3DCube(PerspectiveCamera)\9. 3DCube(PerspectiveCamera).vcxproj", "{02F1BBA3-2CA9-4BE6-9F05-F8D054B20323}"
EndProject
Project("{8BC9CEB8-8B4A-11D0-8D11-00A0C91BC942}") = "10. TextureLoading", "10. TextureLoading\10. TextureLoading.vcxproj", "{3FE91568-2E40-484F-B2C7-616F7DE3C16F}"
EndProject
Project("{8BC9CEB8-8B4A-11D0-8D11-00A0C91BC942}") = "Experiment 1", "Experiment 1\Experiment 1.vcxproj", "{3C9A69DF-F98E-40B5-A8BC-E76AD6DD2CBC}"
EndProject
Project("{8BC9CEB8-8B4A-11D0-8D11-00A0C91BC942}") = "10.1. TextureLoading 2", "10.1. TextureLoading 2\10.1. TextureLoading 2.vcxproj", "{CD2D1935-CE1C-4C64-8F4C-FAEA5E5B68EE}"
EndProject
Project("{8BC9CEB8-8B4A-11D0-8D11-00A0C91BC942}") = "11. ImGuiIntegration", "11. ImGuiIntegration\11. ImGuiIntegration.vcxproj", "{1442A350-585B-4FEB-A367-322C8CA74E50}"
EndProject
Project("{8BC9CEB8-8B4A-11D0-8D11-00A0C91BC942}") = "12. TextureAnimation", "12. TextureAnimation\12. TextureAnimation.vcxproj", "{AB4117CD-19D5-4623-A1BC-4110A10678F6}"
EndProject
Project("{8BC9CEB8-8B4A-11D0-8D11-00A0C91BC942}") = "13. Procedural Textures", "13. Procedural Textures\13. Procedural Textures.vcxproj", "{9B930D6B-3E61-4510-A091-A33F8ACE42AF}"
EndProject
Project("{8BC9CEB8-8B4A-11D0-8D11-00A0C91BC942}") = "14. Camera", "14. Camera\14. Camera.vcxproj", "{F2EFB49C-8C9C-4217-B536-E60AEBEB7BE9}"
EndProject
Global
	GlobalSection(SolutionConfigurationPlatforms) = preSolution
		Debug|x64 = Debug|x64
		Debug|x86 = Debug|x86
		Release|x64 = Release|x64
		Release|x86 = Release|x86
	EndGlobalSection
	GlobalSection(ProjectConfigurationPlatforms) = postSolution
		{19A4B4B7-62AD-4161-BEC1-F6AE9339F5A4}.Debug|x64.ActiveCfg = Debug|x64
		{19A4B4B7-62AD-4161-BEC1-F6AE9339F5A4}.Debug|x64.Build.0 = Debug|x64
		{19A4B4B7-62AD-4161-BEC1-F6AE9339F5A4}.Debug|x86.ActiveCfg = Debug|Win32
		{19A4B4B7-62AD-4161-BEC1-F6AE9339F5A4}.Debug|x86.Build.0 = Debug|Win32
		{19A4B4B7-62AD-4161-BEC1-F6AE9339F5A4}.Release|x64.ActiveCfg = Release|x64
		{19A4B4B7-62AD-4161-BEC1-F6AE9339F5A4}.Release|x64.Build.0 = Release|x64
		{19A4B4B7-62AD-4161-BEC1-F6AE9339F5A4}.Release|x86.ActiveCfg = Release|Win32
		{19A4B4B7-62AD-4161-BEC1-F6AE9339F5A4}.Release|x86.Build.0 = Release|Win32
		{2D2AFD3D-FBFC-4168-BEA6-2E0C58413006}.Debug|x64.ActiveCfg = Debug|x64
		{2D2AFD3D-FBFC-4168-BEA6-2E0C58413006}.Debug|x64.Build.0 = Debug|x64
		{2D2AFD3D-FBFC-4168-BEA6-2E0C58413006}.Debug|x86.ActiveCfg = Debug|Win32
		{2D2AFD3D-FBFC-4168-BEA6-2E0C58413006}.Debug|x86.Build.0 = Debug|Win32
		{2D2AFD3D-FBFC-4168-BEA6-2E0C58413006}.Release|x64.ActiveCfg = Release|x64
		{2D2AFD3D-FBFC-4168-BEA6-2E0C58413006}.Release|x64.Build.0 = Release|x64
		{2D2AFD3D-FBFC-4168-BEA6-2E0C58413006}.Release|x86.ActiveCfg = Release|Win32
		{2D2AFD3D-FBFC-4168-BEA6-2E0C58413006}.Release|x86.Build.0 = Release|Win32
		{DE8B18D8-E2E5-4E6B-8CC1-BC070757B1B0}.Debug|x64.ActiveCfg = Debug|x64
		{DE8B18D8-E2E5-4E6B-8CC1-BC070757B1B0}.Debug|x64.Build.0 = Debug|x64
		{DE8B18D8-E2E5-4E6B-8CC1-BC070757B1B0}.Debug|x86.ActiveCfg = Debug|Win32
		{DE8B18D8-E2E5-4E6B-8CC1-BC070757B1B0}.Debug|x86.Build.0 = Debug|Win32
		{DE8B18D8-E2E5-4E6B-8CC1-BC070757B1B0}.Release|x64.ActiveCfg = Release|x64
		{DE8B18D8-E2E5-4E6B-8CC1-BC070757B1B0}.Release|x64.Build.0 = Release|x64
		{DE8B18D8-E2E5-4E6B-8CC1-BC070757B1B0}.Release|x86.ActiveCfg = Release|Win32
		{DE8B18D8-E2E5-4E6B-8CC1-BC070757B1B0}.Release|x86.Build.0 = Release|Win32
		{800CA354-FA48-41C3-8A10-52CB32EBF782}.Debug|x64.ActiveCfg = Debug|x64
		{800CA354-FA48-41C3-8A10-52CB32EBF782}.Debug|x64.Build.0 = Debug|x64
		{800CA354-FA48-41C3-8A10-52CB32EBF782}.Debug|x86.ActiveCfg = Debug|Win32
		{800CA354-FA48-41C3-8A10-52CB32EBF782}.Debug|x86.Build.0 = Debug|Win32
		{800CA354-FA48-41C3-8A10-52CB32EBF782}.Release|x64.ActiveCfg = Release|x64
		{800CA354-FA48-41C3-8A10-52CB32EBF782}.Release|x64.Build.0 = Release|x64
		{800CA354-FA48-41C3-8A10-52CB32EBF782}.Release|x86.ActiveCfg = Release|Win32
		{800CA354-FA48-41C3-8A10-52CB32EBF782}.Release|x86.Build.0 = Release|Win32
		{CF354A29-F9B1-48EE-9044-1C87E2D6E2E6}.Debug|x64.ActiveCfg = Debug|x64
		{CF354A29-F9B1-48EE-9044-1C87E2D6E2E6}.Debug|x64.Build.0 = Debug|x64
		{CF354A29-F9B1-48EE-9044-1C87E2D6E2E6}.Debug|x86.ActiveCfg = Debug|Win32
		{CF354A29-F9B1-48EE-9044-1C87E2D6E2E6}.Debug|x86.Build.0 = Debug|Win32
		{CF354A29-F9B1-48EE-9044-1C87E2D6E2E6}.Release|x64.ActiveCfg = Release|x64
		{CF354A29-F9B1-48EE-9044-1C87E2D6E2E6}.Release|x64.Build.0 = Release|x64
		{CF354A29-F9B1-48EE-9044-1C87E2D6E2E6}.Release|x86.ActiveCfg = Release|Win32
		{CF354A29-F9B1-48EE-9044-1C87E2D6E2E6}.Release|x86.Build.0 = Release|Win32
		{CBBAAD53-031C-4402-B2B3-E90484613F97}.Debug|x64.ActiveCfg = Debug|x64
		{CBBAAD53-031C-4402-B2B3-E90484613F97}.Debug|x64.Build.0 = Debug|x64
		{CBBAAD53-031C-4402-B2B3-E90484613F97}.Debug|x86.ActiveCfg = Debug|Win32
		{CBBAAD53-031C-4402-B2B3-E90484613F97}.Debug|x86.Build.0 = Debug|Win32
		{CBBAAD53-031C-4402-B2B3-E90484613F97}.Release|x64.ActiveCfg = Release|x64
		{CBBAAD53-031C-4402-B2B3-E90484613F97}.Release|x64.Build.0 = Release|x64
		{CBBAAD53-031C-4402-B2B3-E90484613F97}.Release|x86.ActiveCfg = Release|Win32
		{CBBAAD53-031C-4402-B2B3-E90484613F97}.Release|x86.Build.0 = Release|Win32
		{B3E3D5DD-754F-4B7B-B20F-108F7C00098D}.Debug|x64.ActiveCfg = Debug|x64
		{B3E3D5DD-754F-4B7B-B20F-108F7C00098D}.Debug|x64.Build.0 = Debug|x64
		{B3E3D5DD-754F-4B7B-B20F-108F7C00098D}.Debug|x86.ActiveCfg = Debug|Win32
		{B3E3D5DD-754F-4B7B-B20F-108F7C00098D}.Debug|x86.Build.0 = Debug|Win32
		{B3E3D5DD-754F-4B7B-B20F-108F7C00098D}.Release|x64.ActiveCfg = Release|x64
		{B3E3D5DD-754F-4B7B-B20F-108F7C00098D}.Release|x64.Build.0 = Release|x64
		{B3E3D5DD-754F-4B7B-B20F-108F7C00098D}.Release|x86.ActiveCfg = Release|Win32
		{B3E3D5DD-754F-4B7B-B20F-108F7C00098D}.Release|x86.Build.0 = Release|Win32
		{EFDEC071-9045-4B55-BC84-471D6D0D8BE5}.Debug|x64.ActiveCfg = Debug|x64
		{EFDEC071-9045-4B55-BC84-471D6D0D8BE5}.Debug|x64.Build.0 = Debug|x64
		{EFDEC071-9045-4B55-BC84-471D6D0D8BE5}.Debug|x86.ActiveCfg = Debug|Win32
		{EFDEC071-9045-4B55-BC84-471D6D0D8BE5}.Debug|x86.Build.0 = Debug|Win32
		{EFDEC071-9045-4B55-BC84-471D6D0D8BE5}.Release|x64.ActiveCfg = Release|x64
		{EFDEC071-9045-4B55-BC84-471D6D0D8BE5}.Release|x64.Build.0 = Release|x64
		{EFDEC071-9045-4B55-BC84-471D6D0D8BE5}.Release|x86.ActiveCfg = Release|Win32
		{EFDEC071-9045-4B55-BC84-471D6D0D8BE5}.Release|x86.Build.0 = Release|Win32
		{87781CEB-BE24-48A3-8A3F-F3D768078B57}.Debug|x64.ActiveCfg = Debug|x64
		{87781CEB-BE24-48A3-8A3F-F3D768078B57}.Debug|x64.Build.0 = Debug|x64
		{87781CEB-BE24-48A3-8A3F-F3D768078B57}.Debug|x86.ActiveCfg = Debug|Win32
		{87781CEB-BE24-48A3-8A3F-F3D768078B57}.Debug|x86.Build.0 = Debug|Win32
		{87781CEB-BE24-48A3-8A3F-F3D768078B57}.Release|x64.ActiveCfg = Release|x64
		{87781CEB-BE24-48A3-8A3F-F3D768078B57}.Release|x64.Build.0 = Release|x64
		{87781CEB-BE24-48A3-8A3F-F3D768078B57}.Release|x86.ActiveCfg = Release|Win32
		{87781CEB-BE24-48A3-8A3F-F3D768078B57}.Release|x86.Build.0 = Release|Win32
		{02F1BBA3-2CA9-4BE6-9F05-F8D054B20323}.Debug|x64.ActiveCfg = Debug|x64
		{02F1BBA3-2CA9-4BE6-9F05-F8D054B20323}.Debug|x64.Build.0 = Debug|x64
		{02F1BBA3-2CA9-4BE6-9F05-F8D054B20323}.Debug|x86.ActiveCfg = Debug|Win32
		{02F1BBA3-2CA9-4BE6-9F05-F8D054B20323}.Debug|x86.Build.0 = Debug|Win32
		{02F1BBA3-2CA9-4BE6-9F05-F8D054B20323}.Release|x64.ActiveCfg = Release|x64
		{02F1BBA3-2CA9-4BE6-9F05-F8D054B20323}.Release|x64.Build.0 = Release|x64
		{02F1BBA3-2CA9-4BE6-9F05-F8D054B20323}.Release|x86.ActiveCfg = Release|Win32
		{02F1BBA3-2CA9-4BE6-9F05-F8D054B20323}.Release|x86.Build.0 = Release|Win32
		{3FE91568-2E40-484F-B2C7-616F7DE3C16F}.Debug|x64.ActiveCfg = Debug|x64
		{3FE91568-2E40-484F-B2C7-616F7DE3C16F}.Debug|x64.Build.0 = Debug|x64
		{3FE91568-2E40-484F-B2C7-616F7DE3C16F}.Debug|x86.ActiveCfg = Debug|Win32
		{3FE91568-2E40-484F-B2C7-616F7DE3C16F}.Debug|x86.Build.0 = Debug|Win32
		{3FE91568-2E40-484F-B2C7-616F7DE3C16F}.Release|x64.ActiveCfg = Release|x64
		{3FE91568-2E40-484F-B2C7-616F7DE3C16F}.Release|x64.Build.0 = Release|x64
		{3FE91568-2E40-484F-B2C7-616F7DE3C16F}.Release|x86.ActiveCfg = Release|Win32
		{3FE91568-2E40-484F-B2C7-616F7DE3C16F}.Release|x86.Build.0 = Release|Win32
		{3C9A69DF-F98E-40B5-A8BC-E76AD6DD2CBC}.Debug|x64.ActiveCfg = Debug|x64
		{3C9A69DF-F98E-40B5-A8BC-E76AD6DD2CBC}.Debug|x64.Build.0 = Debug|x64
		{3C9A69DF-F98E-40B5-A8BC-E76AD6DD2CBC}.Debug|x86.ActiveCfg = Debug|Win32
		{3C9A69DF-F98E-40B5-A8BC-E76AD6DD2CBC}.Debug|x86.Build.0 = Debug|Win32
		{3C9A69DF-F98E-40B5-A8BC-E76AD6DD2CBC}.Release|x64.ActiveCfg = Release|x64
		{3C9A69DF-F98E-40B5-A8BC-E76AD6DD2CBC}.Release|x64.Build.0 = Release|x64
		{3C9A69DF-F98E-40B5-A8BC-E76AD6DD2CBC}.Release|x86.ActiveCfg = Release|Win32
		{3C9A69DF-F98E-40B5-A8BC-E76AD6DD2CBC}.Release|x86.Build.0 = Release|Win32
		{CD2D1935-CE1C-4C64-8F4C-FAEA5E5B68EE}.Debug|x64.ActiveCfg = Debug|x64
		{CD2D1935-CE1C-4C64-8F4C-FAEA5E5B68EE}.Debug|x64.Build.0 = Debug|x64
		{CD2D1935-CE1C-4C64-8F4C-FAEA5E5B68EE}.Debug|x86.ActiveCfg = Debug|Win32
		{CD2D1935-CE1C-4C64-8F4C-FAEA5E5B68EE}.Debug|x86.Build.0 = Debug|Win32
		{CD2D1935-CE1C-4C64-8F4C-FAEA5E5B68EE}.Release|x64.ActiveCfg = Release|x64
		{CD2D1935-CE1C-4C64-8F4C-FAEA5E5B68EE}.Release|x64.Build.0 = Release|x64
		{CD2D1935-CE1C-4C64-8F4C-FAEA5E5B68EE}.Release|x86.ActiveCfg = Release|Win32
		{CD2D1935-CE1C-4C64-8F4C-FAEA5E5B68EE}.Release|x86.Build.0 = Release|Win32
		{1442A350-585B-4FEB-A367-322C8CA74E50}.Debug|x64.ActiveCfg = Debug|x64
		{1442A350-585B-4FEB-A367-322C8CA74E50}.Debug|x64.Build.0 = Debug|x64
		{1442A350-585B-4FEB-A367-322C8CA74E50}.Debug|x86.ActiveCfg = Debug|Win32
		{1442A350-585B-4FEB-A367-322C8CA74E50}.Debug|x86.Build.0 = Debug|Win32
		{1442A350-585B-4FEB-A367-322C8CA74E50}.Release|x64.ActiveCfg = Release|x64
		{1442A350-585B-4FEB-A367-322C8CA74E50}.Release|x64.Build.0 = Release|x64
		{1442A350-585B-4FEB-A367-322C8CA74E50}.Release|x86.ActiveCfg = Release|Win32
		{1442A350-585B-4FEB-A367-322C8CA74E50}.Release|x86.Build.0 = Release|Win32
		{AB4117CD-19D5-4623-A1BC-4110A10678F6}.Debug|x64.ActiveCfg = Debug|x64
		{AB4117CD-19D5-4623-A1BC-4110A10678F6}.Debug|x64.Build.0 = Debug|x64
		{AB4117CD-19D5-4623-A1BC-4110A10678F6}.Debug|x86.ActiveCfg = Debug|Win32
		{AB4117CD-19D5-4623-A1BC-4110A10678F6}.Debug|x86.Build.0 = Debug|Win32
		{AB4117CD-19D5-4623-A1BC-4110A10678F6}.Release|x64.ActiveCfg = Release|x64
		{AB4117CD-19D5-4623-A1BC-4110A10678F6}.Release|x64.Build.0 = Release|x64
		{AB4117CD-19D5-4623-A1BC-4110A10678F6}.Release|x86.ActiveCfg = Release|Win32
		{AB4117CD-19D5-4623-A1BC-4110A10678F6}.Release|x86.Build.0 = Release|Win32
		{9B930D6B-3E61-4510-A091-A33F8ACE42AF}.Debug|x64.ActiveCfg = Debug|x64
		{9B930D6B-3E61-4510-A091-A33F8ACE42AF}.Debug|x64.Build.0 = Debug|x64
		{9B930D6B-3E61-4510-A091-A33F8ACE42AF}.Debug|x86.ActiveCfg = Debug|Win32
		{9B930D6B-3E61-4510-A091-A33F8ACE42AF}.Debug|x86.Build.0 = Debug|Win32
		{9B930D6B-3E61-4510-A091-A33F8ACE42AF}.Release|x64.ActiveCfg = Release|x64
		{9B930D6B-3E61-4510-A091-A33F8ACE42AF}.Release|x64.Build.0 = Release|x64
		{9B930D6B-3E61-4510-A091-A33F8ACE42AF}.Release|x86.ActiveCfg = Release|Win32
		{9B930D6B-3E61-4510-A091-A33F8ACE42AF}.Release|x86.Build.0 = Release|Win32
		{F2EFB49C-8C9C-4217-B536-E60AEBEB7BE9}.Debug|x64.ActiveCfg = Debug|x64
		{F2EFB49C-8C9C-4217-B536-E60AEBEB7BE9}.Debug|x64.Build.0 = Debug|x64
		{F2EFB49C-8C9C-4217-B536-E60AEBEB7BE9}.Debug|x86.ActiveCfg = Debug|Win32
		{F2EFB49C-8C9C-4217-B536-E60AEBEB7BE9}.Debug|x86.Build.0 = Debug|Win32
		{F2EFB49C-8C9C-4217-B536-E60AEBEB7BE9}.Release|x64.ActiveCfg = Release|x64
		{F2EFB49C-8C9C-4217-B536-E60AEBEB7BE9}.Release|x64.Build.0 = Release|x64
		{F2EFB49C-8C9C-4217-B536-E60AEBEB7BE9}.Release|x86.ActiveCfg = Release|Win32
		{F2EFB49C-8C9C-4217-B536-E60AEBEB7BE9}.Release|x86.Build.0 = Release|Win32
	EndGlobalSection
	GlobalSection(SolutionProperties) = preSolution
		HideSolutionNode = FALSE
	EndGlobalSection
	GlobalSection(ExtensibilityGlobals) = postSolution
		SolutionGuid = {2E075B0E-63DC-42A1-9CB4-20797C0C9A0F}
	EndGlobalSection
EndGlobal
